<?xml version="1.0" encoding="utf-8"?>
<Project ToolsVersion="4.0" xmlns="http://schemas.microsoft.com/developer/msbuild/2003">
  <ItemGroup>
    <Filter Include="Source Files">
      <UniqueIdentifier>{7fbfcfcd-a1d0-40d9-8cba-5224aae98761}</UniqueIdentifier>
      <Extensions>cpp;c;cxx;rc;def;r;odl;idl;hpj;bat</Extensions>
    </Filter>
    <Filter Include="Header Files">
      <UniqueIdentifier>{6286f17d-c7ef-467e-831f-bdebd2c57141}</UniqueIdentifier>
      <Extensions>h;hpp;hxx;hm;inl</Extensions>
    </Filter>
    <Filter Include="Resource Files">
      <UniqueIdentifier>{c2c62cb1-42a7-454d-82c7-11223b686a0a}</UniqueIdentifier>
      <Extensions>ico;cur;bmp;dlg;rc2;rct;bin;rgs;gif;jpg;jpeg;jpe</Extensions>
    </Filter>
  </ItemGroup>
  <ItemGroup>
    <ClCompile Include="GBoxO.cpp">
      <Filter>Source Files</Filter>
    </ClCompile>
    <ClCompile Include="GCircleO.cpp">
      <Filter>Source Files</Filter>
    </ClCompile>
    <ClCompile Include="GLndO.cpp">
      <Filter>Source Files</Filter>
    </ClCompile>
    <ClCompile Include="GMoldO.cpp">
      <Filter>Source Files</Filter>
    </ClCompile>
    <ClCompile Include="gocl.cpp">
      <Filter>Source Files</Filter>
    </ClCompile>
    <ClCompile Include="GPolygO.cpp">
      <Filter>Source Files</Filter>
    </ClCompile>
    <ClCompile Include="GPolyLO.cpp">
      <Filter>Source Files</Filter>
    </ClCompile>
    <ClCompile Include="GPresO.cpp">
      <Filter>Source Files</Filter>
    </ClCompile>
    <ClCompile Include="GTubO.cpp">
      <Filter>Source Files</Filter>
    </ClCompile>
    <ClCompile Include="GTxtO.cpp">
      <Filter>Source Files</Filter>
    </ClCompile>
    <ClCompile Include="Lista.cpp">
      <Filter>Source Files</Filter>
    </ClCompile>
    <ClCompile Include="ListWMng.cpp">
      <Filter>Source Files</Filter>
    </ClCompile>
    <ClCompile Include="MulGObj.cpp">
      <Filter>Source Files</Filter>
    </ClCompile>
    <ClCompile Include="Node.cpp">
      <Filter>Source Files</Filter>
    </ClCompile>
    <ClCompile Include="SnglGObj.cpp">
      <Filter>Source Files</Filter>
    </ClCompile>
    <ClCompile Include="SnglWObj.cpp">
      <Filter>Source Files</Filter>
    </ClCompile>
  </ItemGroup>
  <ItemGroup>
    <None Include="gocl.def">
      <Filter>Source Files</Filter>
    </None>
  </ItemGroup>
  <ItemGroup>
    <ClInclude Include="GBoxO.h">
      <Filter>Header Files</Filter>
    </ClInclude>
    <ClInclude Include="GCircleO.h">
      <Filter>Header Files</Filter>
    </ClInclude>
    <ClInclude Include="GLndO.h">
      <Filter>Header Files</Filter>
    </ClInclude>
    <ClInclude Include="GMoldO.h">
      <Filter>Header Files</Filter>
    </ClInclude>
    <ClInclude Include="GPolygO.h">
      <Filter>Header Files</Filter>
    </ClInclude>
    <ClInclude Include="GPolyLO.h">
      <Filter>Header Files</Filter>
    </ClInclude>
    <ClInclude Include="GPresO.h">
      <Filter>Header Files</Filter>
    </ClInclude>
    <ClInclude Include="GTubO.h">
      <Filter>Header Files</Filter>
    </ClInclude>
    <ClInclude Include="GTxtO.h">
      <Filter>Header Files</Filter>
    </ClInclude>
    <ClInclude Include="Lista.h">
      <Filter>Header Files</Filter>
    </ClInclude>
    <ClInclude Include="ListWMng.h">
      <Filter>Header Files</Filter>
    </ClInclude>
    <ClInclude Include="MulGObj.h">
      <Filter>Header Files</Filter>
    </ClInclude>
    <ClInclude Include="Node.h">
      <Filter>Header Files</Filter>
    </ClInclude>
    <ClInclude Include="resource.h">
      <Filter>Header Files</Filter>
    </ClInclude>
    <ClInclude Include="SnglGObj.h">
      <Filter>Header Files</Filter>
    </ClInclude>
    <ClInclude Include="SnglWObj.h">
      <Filter>Header Files</Filter>
    </ClInclude>
  </ItemGroup>
</Project>