<?xml version="1.0" encoding="utf-8"?>
<Project ToolsVersion="4.0" xmlns="http://schemas.microsoft.com/developer/msbuild/2003">
  <ItemGroup>
    <Filter Include="Source Files">
      <UniqueIdentifier>{57085884-03e8-4b0b-a0cb-06e2d91277e2}</UniqueIdentifier>
      <Extensions>cpp;c;cxx;rc;def;r;odl;idl;hpj;bat</Extensions>
    </Filter>
    <Filter Include="Header Files">
      <UniqueIdentifier>{50c9968c-66af-4558-af11-56b670ed1c07}</UniqueIdentifier>
      <Extensions>h;hpp;hxx;hm;inl</Extensions>
    </Filter>
    <Filter Include="Resource Files">
      <UniqueIdentifier>{19fc6542-7ad3-43ef-bca9-50f9a3adf168}</UniqueIdentifier>
      <Extensions>ico;cur;bmp;dlg;rc2;rct;bin;rgs;gif;jpg;jpeg;jpe</Extensions>
    </Filter>
  </ItemGroup>
  <ItemGroup>
    <ClCompile Include="AboutCode.cpp">
      <Filter>Source Files</Filter>
    </ClCompile>
    <ClCompile Include="ADScomm.cpp">
      <Filter>Source Files</Filter>
    </ClCompile>
    <ClCompile Include="ADSconnect.cpp">
      <Filter>Source Files</Filter>
    </ClCompile>
    <ClCompile Include="GSFGen.cpp">
      <Filter>Source Files</Filter>
    </ClCompile>
    <ClCompile Include="NewObjDlg.cpp">
      <Filter>Source Files</Filter>
    </ClCompile>
    <ClCompile Include="StdAfx.cpp">
      <Filter>Source Files</Filter>
    </ClCompile>
  </ItemGroup>
  <ItemGroup>
    <ResourceCompile Include="GSFGen.rc">
      <Filter>Source Files</Filter>
    </ResourceCompile>
  </ItemGroup>
  <ItemGroup>
    <ClInclude Include="AboutCode.h">
      <Filter>Header Files</Filter>
    </ClInclude>
    <ClInclude Include="ADScomm.h">
      <Filter>Header Files</Filter>
    </ClInclude>
    <ClInclude Include="ADSconnect.h">
      <Filter>Header Files</Filter>
    </ClInclude>
    <ClInclude Include="gocl.h">
      <Filter>Header Files</Filter>
    </ClInclude>
    <ClInclude Include="GSFGen.h">
      <Filter>Header Files</Filter>
    </ClInclude>
    <ClInclude Include="NewObjDlg.h">
      <Filter>Header Files</Filter>
    </ClInclude>
    <ClInclude Include="resource.h">
      <Filter>Header Files</Filter>
    </ClInclude>
    <ClInclude Include="StdAfx.h">
      <Filter>Header Files</Filter>
    </ClInclude>
  </ItemGroup>
  <ItemGroup>
    <Image Include="GSFGen.ico">
      <Filter>Resource Files</Filter>
    </Image>
    <Image Include="small.ico">
      <Filter>Resource Files</Filter>
    </Image>
    <Image Include="toolbar1.bmp">
      <Filter>Resource Files</Filter>
    </Image>
  </ItemGroup>
  <ItemGroup>
    <Text Include="ReadMe.txt" />
  </ItemGroup>
</Project>